{
  "name": "@loppis/bids",
  "version": "0.1.0",
  "lockfileVersion": 3,
  "requires": true,
  "packages": {
    "": {
      "name": "@loppis/bids",
      "version": "0.1.0",
      "license": "MIT",
      "dependencies": {
        "@ce-net/iface": "github:ce-net/ce-iface",
        "@ce-net/sdk": "github:ce-net/ce-ts",
        "@loppis/listings": "github:ce-net/loppis-listings"
      },
      "devDependencies": {
        "@types/node": "^22.0.0",
        "typescript": "^5.6.0"
      }
    },
    "node_modules/@ce-net/iface": {
      "version": "0.1.0",
      "resolved": "git+ssh://git@github.com/ce-net/ce-iface.git#184cb6a7e88ddf66905ca0373e306ca66ffe0240",
      "license": "MIT",
      "peerDependencies": {
        "@ce-net/sdk": "*"
      }
    },
    "node_modules/@ce-net/sdk": {
      "version": "0.1.0",
      "resolved": "git+ssh://git@github.com/ce-net/ce-ts.git#204cecb08b4ba203811c6a1f582d88b8e35c1a85",
      "license": "AGPL-3.0-only",
      "workspaces": [
        "graph",
        "cap",
        "agent"
      ],
      "engines": {
        "node": ">=20"
      }
    },
    "node_modules/@loppis/listings": {
      "version": "0.1.0",
      "resolved": "git+ssh://git@github.com/ce-net/loppis-listings.git#9abd28c8aee2044083856f1796a953cabdd9f799",
      "license": "MIT",
      "dependencies": {
        "@ce-net/iface": "github:ce-net/ce-iface",
        "@ce-net/sdk": "github:ce-net/ce-ts"
      }
    },
    "node_modules/@types/node": {
      "version": "22.20.1",
      "dev": true,
      "license": "MIT",
      "dependencies": {
        "undici-types": "~6.21.0"
      }
    },
    "node_modules/typescript": {
      "version": "5.9.3",
      "dev": true,
      "license": "Apache-2.0",
      "bin": {
        "tsc": "bin/tsc",
        "tsserver": "bin/tsserver"
      },
      "engines": {
        "node": ">=14.17"
      }
    },
    "node_modules/undici-types": {
      "version": "6.21.0",
      "dev": true,
      "license": "MIT"
    }
  }
}
